// !$*UTF8*$!
{
	archiveVersion = 1;
	classes = {
	};
	objectVersion = 50;
	objects = {

/* Begin PBXBuildFile section */
		055B09FC22557490000B93EF /* AppDelegate.swift in Sources */ = {isa = PBXBuildFile; fileRef = 055B09FB22557490000B93EF /* AppDelegate.swift */; };
		055B09FE22557490000B93EF /* ViewController.swift in Sources */ = {isa = PBXBuildFile; fileRef = 055B09FD22557490000B93EF /* ViewController.swift */; };
		055B0A0122557490000B93EF /* Main.storyboard in Resources */ = {isa = PBXBuildFile; fileRef = 055B09FF22557490000B93EF /* Main.storyboard */; };
		055B0A0322557492000B93EF /* Assets.xcassets in Resources */ = {isa = PBXBuildFile; fileRef = 055B0A0222557492000B93EF /* Assets.xcassets */; };
		055B0A0622557492000B93EF /* LaunchScreen.storyboard in Resources */ = {isa = PBXBuildFile; fileRef = 055B0A0422557492000B93EF /* LaunchScreen.storyboard */; };
		055B0A132255750F000B93EF /* Network.swift in Sources */ = {isa = PBXBuildFile; fileRef = 055B0A122255750F000B93EF /* Network.swift */; };
		055B0A152255755A000B93EF /* Courses.swift in Sources */ = {isa = PBXBuildFile; fileRef = 055B0A142255755A000B93EF /* Courses.swift */; };
		055B0A17225576D7000B93EF /* Default-568h@2x.png in Resources */ = {isa = PBXBuildFile; fileRef = 055B0A16225576D7000B93EF /* Default-568h@2x.png */; };
		055B0A1A22557D26000B93EF /* CourseTableViewCell.swift in Sources */ = {isa = PBXBuildFile; fileRef = 055B0A1922557D26000B93EF /* CourseTableViewCell.swift */; };
/* End PBXBuildFile section */

/* Begin PBXFileReference section */
		055B09F822557490000B93EF /* ResultType.app */ = {isa = PBXFileReference; explicitFileType = wrapper.application; includeInIndex = 0; path = ResultType.app; sourceTree = BUILT_PRODUCTS_DIR; };
		055B09FB22557490000B93EF /* AppDelegate.swift */ = {isa = PBXFileReference; lastKnownFileType = sourcecode.swift; path = AppDelegate.swift; sourceTree = "<group>"; };
		055B09FD22557490000B93EF /* ViewController.swift */ = {isa = PBXFileReference; lastKnownFileType = sourcecode.swift; path = ViewController.swift; sourceTree = "<group>"; };
		055B0A0022557490000B93EF /* Base */ = {isa = PBXFileReference; lastKnownFileType = file.storyboard; name = Base; path = Base.lproj/Main.storyboard; sourceTree = "<group>"; };
		055B0A0222557492000B93EF /* Assets.xcassets */ = {isa = PBXFileReference; lastKnownFileType = folder.assetcatalog; path = Assets.xcassets; sourceTree = "<group>"; };
		055B0A0522557492000B93EF /* Base */ = {isa = PBXFileReference; lastKnownFileType = file.storyboard; name = Base; path = Base.lproj/LaunchScreen.storyboard; sourceTree = "<group>"; };
		055B0A0722557492000B93EF /* Info.plist */ = {isa = PBXFileReference; lastKnownFileType = text.plist.xml; path = Info.plist; sourceTree = "<group>"; };
		055B0A122255750F000B93EF /* Network.swift */ = {isa = PBXFileReference; lastKnownFileType = sourcecode.swift; path = Network.swift; sourceTree = "<group>"; };
		055B0A142255755A000B93EF /* Courses.swift */ = {isa = PBXFileReference; lastKnownFileType = sourcecode.swift; path = Courses.swift; sourceTree = "<group>"; };
		055B0A16225576D7000B93EF /* Default-568h@2x.png */ = {isa = PBXFileReference; lastKnownFileType = image.png; path = "Default-568h@2x.png"; sourceTree = "<group>"; };
		055B0A1922557D26000B93EF /* CourseTableViewCell.swift */ = {isa = PBXFileReference; lastKnownFileType = sourcecode.swift; path = CourseTableViewCell.swift; sourceTree = "<group>"; };
/* End PBXFileReference section */

/* Begin PBXFrameworksBuildPhase section */
		055B09F522557490000B93EF /* Frameworks */ = {
			isa = PBXFrameworksBuildPhase;
			buildActionMask = 2147483647;
			files = (
			);
			runOnlyForDeploymentPostprocessing = 0;
		};
/* End PBXFrameworksBuildPhase section */

/* Begin PBXGroup section */
		055B09EF22557490000B93EF = {
			isa = PBXGroup;
			children = (
				055B0A16225576D7000B93EF /* Default-568h@2x.png */,
				055B09FA22557490000B93EF /* ResultType */,
				055B09F922557490000B93EF /* Products */,
			);
			sourceTree = "<group>";
		};
		055B09F922557490000B93EF /* Products */ = {
			isa = PBXGroup;
			children = (
				055B09F822557490000B93EF /* ResultType.app */,
			);
			name = Products;
			sourceTree = "<group>";
		};
		055B09FA22557490000B93EF /* ResultType */ = {
			isa = PBXGroup;
			children = (
				055B0A1822557D10000B93EF /* Cell */,
				055B0A11225574FD000B93EF /* Service */,
				055B0A10225574D8000B93EF /* Model */,
				055B0A0F225574A7000B93EF /* Storyboard */,
				055B0A0E225574A0000B93EF /* ViewController */,
				055B0A0D22557499000B93EF /* Helper */,
			);
			path = ResultType;
			sourceTree = "<group>";
		};
		055B0A0D22557499000B93EF /* Helper */ = {
			isa = PBXGroup;
			children = (
				055B09FB22557490000B93EF /* AppDelegate.swift */,
				055B0A0222557492000B93EF /* Assets.xcassets */,
				055B0A0422557492000B93EF /* LaunchScreen.storyboard */,
				055B0A0722557492000B93EF /* Info.plist */,
			);
			path = Helper;
			sourceTree = "<group>";
		};
		055B0A0E225574A0000B93EF /* ViewController */ = {
			isa = PBXGroup;
			children = (
				055B09FD22557490000B93EF /* ViewController.swift */,
			);
			path = ViewController;
			sourceTree = "<group>";
		};
		055B0A0F225574A7000B93EF /* Storyboard */ = {
			isa = PBXGroup;
			children = (
				055B09FF22557490000B93EF /* Main.storyboard */,
			);
			path = Storyboard;
			sourceTree = "<group>";
		};
		055B0A10225574D8000B93EF /* Model */ = {
			isa = PBXGroup;
			children = (
				055B0A142255755A000B93EF /* Courses.swift */,
			);
			path = Model;
			sourceTree = "<group>";
		};
		055B0A11225574FD000B93EF /* Service */ = {
			isa = PBXGroup;
			children = (
				055B0A122255750F000B93EF /* Network.swift */,
			);
			path = Service;
			sourceTree = "<group>";
		};
		055B0A1822557D10000B93EF /* Cell */ = {
			isa = PBXGroup;
			children = (
				055B0A1922557D26000B93EF /* CourseTableViewCell.swift */,
			);
			path = Cell;
			sourceTree = "<group>";
		};
/* End PBXGroup section */

/* Begin PBXNativeTarget section */
		055B09F722557490000B93EF /* ResultType */ = {
			isa = PBXNativeTarget;
			buildConfigurationList = 055B0A0A22557492000B93EF /* Build configuration list for PBXNativeTarget "ResultType" */;
			buildPhases = (
				055B09F422557490000B93EF /* Sources */,
				055B09F522557490000B93EF /* Frameworks */,
				055B09F622557490000B93EF /* Resources */,
			);
			buildRules = (
			);
			dependencies = (
			);
			name = ResultType;
			productName = ResultType;
			productReference = 055B09F822557490000B93EF /* ResultType.app */;
			productType = "com.apple.product-type.application";
		};
/* End PBXNativeTarget section */

/* Begin PBXProject section */
		055B09F022557490000B93EF /* Project object */ = {
			isa = PBXProject;
			attributes = {
				LastSwiftUpdateCheck = 1020;
				LastUpgradeCheck = 1020;
				ORGANIZATIONNAME = "Pratik Bhaliya";
				TargetAttributes = {
					055B09F722557490000B93EF = {
						CreatedOnToolsVersion = 10.2;
					};
				};
			};
			buildConfigurationList = 055B09F322557490000B93EF /* Build configuration list for PBXProject "ResultType" */;
			compatibilityVersion = "Xcode 9.3";
			developmentRegion = en;
			hasScannedForEncodings = 0;
			knownRegions = (
				en,
				Base,
			);
			mainGroup = 055B09EF22557490000B93EF;
			productRefGroup = 055B09F922557490000B93EF /* Products */;
			projectDirPath = "";
			projectRoot = "";
			targets = (
				055B09F722557490000B93EF /* ResultType */,
			);
		};
/* End PBXProject section */

/* Begin PBXResourcesBuildPhase section */
		055B09F622557490000B93EF /* Resources */ = {
			isa = PBXResourcesBuildPhase;
			buildActionMask = 2147483647;
			files = (
				055B0A0622557492000B93EF /* LaunchScreen.storyboard in Resources */,
				055B0A17225576D7000B93EF /* Default-568h@2x.png in Resources */,
				055B0A0322557492000B93EF /* Assets.xcassets in Resources */,
				055B0A0122557490000B93EF /* Main.storyboard in Resources */,
			);
			runOnlyForDeploymentPostprocessing = 0;
		};
/* End PBXResourcesBuildPhase section */

/* Begin PBXSourcesBuildPhase section */
		055B09F422557490000B93EF /* Sources */ = {
			isa = PBXSourcesBuildPhase;
			buildActionMask = 2147483647;
			files = (
				055B0A152255755A000B93EF /* Courses.swift in Sources */,
				055B09FE22557490000B93EF /* ViewController.swift in Sources */,
				055B09FC22557490000B93EF /* AppDelegate.swift in Sources */,
				055B0A132255750F000B93EF /* Network.swift in Sources */,
				055B0A1A22557D26000B93EF /* CourseTableViewCell.swift in Sources */,
			);
			runOnlyForDeploymentPostprocessing = 0;
		};
/* End PBXSourcesBuildPhase section */

/* Begin PBXVariantGroup section */
		055B09FF22557490000B93EF /* Main.storyboard */ = {
			isa = PBXVariantGroup;
			children = (
				055B0A0022557490000B93EF /* Base */,
			);
			name = Main.storyboard;
			sourceTree = "<group>";
		};
		055B0A0422557492000B93EF /* LaunchScreen.storyboard */ = {
			isa = PBXVariantGroup;
			children = (
				055B0A0522557492000B93EF /* Base */,
			);
			name = LaunchScreen.storyboard;
			sourceTree = "<group>";
		};
/* End PBXVariantGroup section */

/* Begin XCBuildConfiguration section */
		055B0A0822557492000B93EF /* Debug */ = {
			isa = XCBuildConfiguration;
			buildSettings = {
				ALWAYS_SEARCH_USER_PATHS = NO;
				CLANG_ANALYZER_NONNULL = YES;
				CLANG_ANALYZER_NUMBER_OBJECT_CONVERSION = YES_AGGRESSIVE;
				CLANG_CXX_LANGUAGE_STANDARD = "gnu++14";
				CLANG_CXX_LIBRARY = "libc++";
				CLANG_ENABLE_MODULES = YES;
				CLANG_ENABLE_OBJC_ARC = YES;
				CLANG_ENABLE_OBJC_WEAK = YES;
				CLANG_WARN_BLOCK_CAPTURE_AUTORELEASING = YES;
				CLANG_WARN_BOOL_CONVERSION = YES;
				CLANG_WARN_COMMA = YES;
				CLANG_WARN_CONSTANT_CONVERSION = YES;
				CLANG_WARN_DEPRECATED_OBJC_IMPLEMENTATIONS = YES;
				CLANG_WARN_DIRECT_OBJC_ISA_USAGE = YES_ERROR;
				CLANG_WARN_DOCUMENTATION_COMMENTS = YES;
				CLANG_WARN_EMPTY_BODY = YES;
				CLANG_WARN_ENUM_CONVERSION = YES;
				CLANG_WARN_INFINITE_RECURSION = YES;
				CLANG_WARN_INT_CONVERSION = YES;
				CLANG_WARN_NON_LITERAL_NULL_CONVERSION = YES;
				CLANG_WARN_OBJC_IMPLICIT_RETAIN_SELF = YES;
				CLANG_WARN_OBJC_LITERAL_CONVERSION = YES;
				CLANG_WARN_OBJC_ROOT_CLASS = YES_ERROR;
				CLANG_WARN_RANGE_LOOP_ANALYSIS = YES;
				CLANG_WARN_STRICT_PROTOTYPES = YES;
				CLANG_WARN_SUSPICIOUS_MOVE = YES;
				CLANG_WARN_UNGUARDED_AVAILABILITY = YES_AGGRESSIVE;
				CLANG_WARN_UNREACHABLE_CODE = YES;
				CLANG_WARN__DUPLICATE_METHOD_MATCH = YES;
				CODE_SIGN_IDENTITY = "iPhone Developer";
				COPY_PHASE_STRIP = NO;
				DEBUG_INFORMATION_FORMAT = dwarf;
				ENABLE_STRICT_OBJC_MSGSEND = YES;
				ENABLE_TESTABILITY = YES;
				GCC_C_LANGUAGE_STANDARD = gnu11;
				GCC_DYNAMIC_NO_PIC = NO;
				GCC_NO_COMMON_BLOCKS = YES;
				GCC_OPTIMIZATION_LEVEL = 0;
				GCC_PREPROCESSOR_DEFINITIONS = (
					"DEBUG=1",
					"$(inherited)",
				);
				GCC_WARN_64_TO_32_BIT_CONVERSION = YES;
				GCC_WARN_ABOUT_RETURN_TYPE = YES_ERROR;
				GCC_WARN_UNDECLARED_SELECTOR = YES;
				GCC_WARN_UNINITIALIZED_AUTOS = YES_AGGRESSIVE;
				GCC_WARN_UNUSED_FUNCTION = YES;
				GCC_WARN_UNUSED_VARIABLE = YES;
				IPHONEOS_DEPLOYMENT_TARGET = 12.2;
				MTL_ENABLE_DEBUG_INFO = INCLUDE_SOURCE;
				MTL_FAST_MATH = YES;
				ONLY_ACTIVE_ARCH = YES;
				SDKROOT = iphoneos;
				SWIFT_ACTIVE_COMPILATION_CONDITIONS = DEBUG;
				SWIFT_OPTIMIZATION_LEVEL = "-Onone";
			};
			name = Debug;
		};
		055B0A0922557492000B93EF /* Release */ = {
			isa = XCBuildConfiguration;
			buildSettings = {
				ALWAYS_SEARCH_USER_PATHS = NO;
				CLANG_ANALYZER_NONNULL = YES;
				CLANG_ANALYZER_NUMBER_OBJECT_CONVERSION = YES_AGGRESSIVE;
				CLANG_CXX_LANGUAGE_STANDARD = "gnu++14";
				CLANG_CXX_LIBRARY = "libc++";
				CLANG_ENABLE_MODULES = YES;
				CLANG_ENABLE_OBJC_ARC = YES;
				CLANG_ENABLE_OBJC_WEAK = YES;
				CLANG_WARN_BLOCK_CAPTURE_AUTORELEASING = YES;
				CLANG_WARN_BOOL_CONVERSION = YES;
				CLANG_WARN_COMMA = YES;
				CLANG_WARN_CONSTANT_CONVERSION = YES;
				CLANG_WARN_DEPRECATED_OBJC_IMPLEMENTATIONS = YES;
				CLANG_WARN_DIRECT_OBJC_ISA_USAGE = YES_ERROR;
				CLANG_WARN_DOCUMENTATION_COMMENTS = YES;
				CLANG_WARN_EMPTY_BODY = YES;
				CLANG_WARN_ENUM_CONVERSION = YES;
				CLANG_WARN_INFINITE_RECURSION = YES;
				CLANG_WARN_INT_CONVERSION = YES;
				CLANG_WARN_NON_LITERAL_NULL_CONVERSION = YES;
				CLANG_WARN_OBJC_IMPLICIT_RETAIN_SELF = YES;
				CLANG_WARN_OBJC_LITERAL_CONVERSION = YES;
				CLANG_WARN_OBJC_ROOT_CLASS = YES_ERROR;
				CLANG_WARN_RANGE_LOOP_ANALYSIS = YES;
				CLANG_WARN_STRICT_PROTOTYPES = YES;
				CLANG_WARN_SUSPICIOUS_MOVE = YES;
				CLANG_WARN_UNGUARDED_AVAILABILITY = YES_AGGRESSIVE;
				CLANG_WARN_UNREACHABLE_CODE = YES;
				CLANG_WARN__DUPLICATE_METHOD_MATCH = YES;
				CODE_SIGN_IDENTITY = "iPhone Developer";
				COPY_PHASE_STRIP = NO;
				DEBUG_INFORMATION_FORMAT = "dwarf-with-dsym";
				ENABLE_NS_ASSERTIONS = NO;
				ENABLE_STRICT_OBJC_MSGSEND = YES;
				GCC_C_LANGUAGE_STANDARD = gnu11;
				GCC_NO_COMMON_BLOCKS = YES;
				GCC_WARN_64_TO_32_BIT_CONVERSION = YES;
				GCC_WARN_ABOUT_RETURN_TYPE = YES_ERROR;
				GCC_WARN_UNDECLARED_SELECTOR = YES;
				GCC_WARN_UNINITIALIZED_AUTOS = YES_AGGRESSIVE;
				GCC_WARN_UNUSED_FUNCTION = YES;
				GCC_WARN_UNUSED_VARIABLE = YES;
				IPHONEOS_DEPLOYMENT_TARGET = 12.2;
				MTL_ENABLE_DEBUG_INFO = NO;
				MTL_FAST_MATH = YES;
				SDKROOT = iphoneos;
				SWIFT_COMPILATION_MODE = wholemodule;
				SWIFT_OPTIMIZATION_LEVEL = "-O";
				VALIDATE_PRODUCT = YES;
			};
			name = Release;
		};
		055B0A0B22557492000B93EF /* Debug */ = {
			isa = XCBuildConfiguration;
			buildSettings = {
				ASSETCATALOG_COMPILER_APPICON_NAME = AppIcon;
				CODE_SIGN_STYLE = Automatic;
				DEVELOPMENT_TEAM = 5EY73M5E42;
				INFOPLIST_FILE = "$(SRCROOT)/ResultType/Helper/Info.plist";
				LD_RUNPATH_SEARCH_PATHS = (
					"$(inherited)",
					"@executable_path/Frameworks",
				);
				PRODUCT_BUNDLE_IDENTIFIER = com.pratikbhaliya.ResultType;
				PRODUCT_NAME = "$(TARGET_NAME)";
				SWIFT_VERSION = 5.0;
				TARGETED_DEVICE_FAMILY = "1,2";
			};
			name = Debug;
		};
		055B0A0C22557492000B93EF /* Release */ = {
			isa = XCBuildConfiguration;
			buildSettings = {
				ASSETCATALOG_COMPILER_APPICON_NAME = AppIcon;
				CODE_SIGN_STYLE = Automatic;
				DEVELOPMENT_TEAM = 5EY73M5E42;
				INFOPLIST_FILE = "$(SRCROOT)/ResultType/Helper/Info.plist";
				LD_RUNPATH_SEARCH_PATHS = (
					"$(inherited)",
					"@executable_path/Frameworks",
				);
				PRODUCT_BUNDLE_IDENTIFIER = com.pratikbhaliya.ResultType;
				PRODUCT_NAME = "$(TARGET_NAME)";
				SWIFT_VERSION = 5.0;
				TARGETED_DEVICE_FAMILY = "1,2";
			};
			name = Release;
		};
/* End XCBuildConfiguration section */

/* Begin XCConfigurationList section */
		055B09F322557490000B93EF /* Build configuration list for PBXProject "ResultType" */ = {
			isa = XCConfigurationList;
			buildConfigurations = (
				055B0A0822557492000B93EF /* Debug */,
				055B0A0922557492000B93EF /* Release */,
			);
			defaultConfigurationIsVisible = 0;
			defaultConfigurationName = Release;
		};
		055B0A0A22557492000B93EF /* Build configuration list for PBXNativeTarget "ResultType" */ = {
			isa = XCConfigurationList;
			buildConfigurations = (
				055B0A0B22557492000B93EF /* Debug */,
				055B0A0C22557492000B93EF /* Release */,
			);
			defaultConfigurationIsVisible = 0;
			defaultConfigurationName = Release;
		};
/* End XCConfigurationList section */
	};
	rootObject = 055B09F022557490000B93EF /* Project object */;
}
